<?xml version="1.0" encoding="utf-8"?>
<Project ToolsVersion="4.0" xmlns="http://schemas.microsoft.com/developer/msbuild/2003">
  <ItemGroup>
    <ClCompile Include="$(MSBuildThisFileDirectory)XApplication.cpp" />
    <ClCompile Include="$(MSBuildThisFileDirectory)XInput.cpp" />
    <ClCompile Include="$(MSBuildThisFileDirectory)XTime.cpp" />
    <ClCompile Include="$(MSBuildThisFileDirectory)XScene.cpp">
      <Filter>Scene</Filter>
    </ClCompile>
    <ClCompile Include="$(MSBuildThisFileDirectory)XSceneManager.cpp">
      <Filter>Scene</Filter>
    </ClCompile>
    <ClCompile Include="$(MSBuildThisFileDirectory)XEntity.cpp">
      <Filter>Common</Filter>
    </ClCompile>
    <ClCompile Include="$(MSBuildThisFileDirectory)XMath.cpp">
      <Filter>Common</Filter>
    </ClCompile>
    <ClCompile Include="$(MSBuildThisFileDirectory)XComponent.cpp">
      <Filter>Component</Filter>
    </ClCompile>
    <ClCompile Include="$(MSBuildThisFileDirectory)XGameObject.cpp">
      <Filter>GameObject</Filter>
    </ClCompile>
    <ClCompile Include="$(MSBuildThisFileDirectory)XResource.cpp" />
    <ClCompile Include="$(MSBuildThisFileDirectory)XResources.cpp" />
    <ClCompile Include="$(MSBuildThisFileDirectory)XSpriteRender.cpp" />
    <ClCompile Include="$(MSBuildThisFileDirectory)XTransform.cpp" />
    <ClCompile Include="$(MSBuildThisFileDirectory)XLayer.cpp" />
  </ItemGroup>
  <ItemGroup>
    <ClInclude Include="$(MSBuildThisFileDirectory)XApplication.h" />
    <ClInclude Include="$(MSBuildThisFileDirectory)XInput.h" />
    <ClInclude Include="$(MSBuildThisFileDirectory)XTime.h" />
    <ClInclude Include="$(MSBuildThisFileDirectory)XScene.h">
      <Filter>Scene</Filter>
    </ClInclude>
    <ClInclude Include="$(MSBuildThisFileDirectory)XSceneManager.h">
      <Filter>Scene</Filter>
    </ClInclude>
    <ClInclude Include="$(MSBuildThisFileDirectory)CommonInclude.h">
      <Filter>Common</Filter>
    </ClInclude>
    <ClInclude Include="$(MSBuildThisFileDirectory)XEntity.h">
      <Filter>Common</Filter>
    </ClInclude>
    <ClInclude Include="$(MSBuildThisFileDirectory)XMath.h">
      <Filter>Common</Filter>
    </ClInclude>
    <ClInclude Include="$(MSBuildThisFileDirectory)XComponent.h">
      <Filter>Component</Filter>
    </ClInclude>
    <ClInclude Include="$(MSBuildThisFileDirectory)XGameObject.h">
      <Filter>GameObject</Filter>
    </ClInclude>
    <ClInclude Include="$(MSBuildThisFileDirectory)XResource.h" />
    <ClInclude Include="$(MSBuildThisFileDirectory)XResources.h" />
    <ClInclude Include="$(MSBuildThisFileDirectory)XSpriteRender.h" />
    <ClInclude Include="$(MSBuildThisFileDirectory)XTransform.h" />
    <ClInclude Include="$(MSBuildThisFileDirectory)XEnums.h">
      <Filter>Common</Filter>
    </ClInclude>
    <ClInclude Include="$(MSBuildThisFileDirectory)XLayer.h" />
    <ClInclude Include="$(MSBuildThisFileDirectory)XObject.h" />
  </ItemGroup>
  <ItemGroup>
    <Filter Include="Scene">
      <UniqueIdentifier>{da487cc1-6b04-4ce8-8482-787ee6b2407b}</UniqueIdentifier>
    </Filter>
    <Filter Include="Common">
      <UniqueIdentifier>{09c0784d-48de-4de4-8c27-55a1493fc464}</UniqueIdentifier>
    </Filter>
    <Filter Include="Component">
      <UniqueIdentifier>{252ab5d6-7fef-4a62-9034-d6ec46e047b7}</UniqueIdentifier>
    </Filter>
    <Filter Include="GameObject">
      <UniqueIdentifier>{85c31346-d46c-4838-b248-92c4ffc398e4}</UniqueIdentifier>
    </Filter>
  </ItemGroup>
</Project>